<?xml version="1.0" encoding="utf-8"?>
<Project ToolsVersion="4.0" xmlns="http://schemas.microsoft.com/developer/msbuild/2003">
  <ItemGroup>
    <CudaCompile Include="buddhabrot.cu" />
    <CudaCompile Include="julia.cu" />
    <CudaCompile Include="mandelbrot.cu" />
  </ItemGroup>
  <ItemGroup>
    <ClCompile Include="Error.cpp" />
  </ItemGroup>
  <ItemGroup>
    <ClInclude Include="common.h" />
    <ClInclude Include="include.h" />
  </ItemGroup>
</Project>